{
  "originHash" : "6a5e3c8b9f2d1a4e7c0b3d6f9a2e5c8b1d4f7a0c3e6b9d2f5a8c1e4b7d0f3a6c",
  "pins" : [
    {
      "identity" : "capacitor-swift-pm",
      "kind" : "remoteSourceControl",
      "location" : "https://github.com/ionic-team/capacitor-swift-pm.git",
      "state" : {
        "revision" : "2f45c9e8b3a1d7f6c4e5d2b9a8c7f6e5d4c3b2a1",
        "version" : "8.3.0"
      }
    },
    {
      "identity" : "ion-ios-camera",
      "kind" : "remoteSourceControl",
      "location" : "https://github.com/ionic-team/ion-ios-camera.git",
      "state" : {
        "revision" : "a1b2c3d4e5f6a7b8c9d0e1f2a3b4c5d6e7f8a9b0",
        "version" : "1.0.4"
      }
    }
  ],
  "version" : 3
}
